
Microsoft Visual Studio Solution File, Format Version 12.00
# Visual Studio Version 17
VisualStudioVersion = 17.5.33424.131
MinimumVisualStudioVersion = 10.0.40219.1
Project("{FAE04EC0-301F-11D3-BF4B-00C04F79EFBC}") = "DGD203", "DGD203.csproj", "{90B71AC5-048C-47BF-9F16-4BC5F740AE73}"
EndProject
Global
	GlobalSection(SolutionConfigurationPlatforms) = preSolution
		Debug|Any CPU = Debug|Any CPU
		Release|Any CPU = Release|Any CPU
	EndGlobalSection
	GlobalSection(ProjectConfigurationPlatforms) = postSolution
		{90B71AC5-048C-47BF-9F16-4BC5F740AE73}.Debug|Any CPU.ActiveCfg = Debug|Any CPU
		{90B71AC5-048C-47BF-9F16-4BC5F740AE73}.Debug|Any CPU.Build.0 = Debug|Any CPU
		{90B71AC5-048C-47BF-9F16-4BC5F740AE73}.Release|Any CPU.ActiveCfg = Release|Any CPU
		{90B71AC5-048C-47BF-9F16-4BC5F740AE73}.Release|Any CPU.Build.0 = Release|Any CPU
	EndGlobalSection
	GlobalSection(SolutionProperties) = preSolution
		HideSolutionNode = FALSE
	EndGlobalSection
	GlobalSection(ExtensibilityGlobals) = postSolution
		SolutionGuid = {D01E09F7-7A15-4018-9428-57724FA42434}
	EndGlobalSection
EndGlobal
